{
  "name": "baggage",
  "lockfileVersion": 2,
  "requires": true,
  "packages": {
    "": {
      "devDependencies": {
        "svelte-hamburgers": "^4.0.1"
      }
    },
    "node_modules/svelte-hamburgers": {
      "version": "4.0.1",
      "resolved": "https://registry.npmjs.org/svelte-hamburgers/-/svelte-hamburgers-4.0.1.tgz",
      "integrity": "sha512-5xm430w5XNukmxyJ4tW2ln7oSA9qQ4TiKiIfbaDmwmUuCpnW6GD4cDSTG5U/2PwerI7AFNhIhB5iNwnzE2RQXA==",
      "dev": true
    }
  },
  "dependencies": {
    "svelte-hamburgers": {
      "version": "4.0.1",
      "resolved": "https://registry.npmjs.org/svelte-hamburgers/-/svelte-hamburgers-4.0.1.tgz",
      "integrity": "sha512-5xm430w5XNukmxyJ4tW2ln7oSA9qQ4TiKiIfbaDmwmUuCpnW6GD4cDSTG5U/2PwerI7AFNhIhB5iNwnzE2RQXA==",
      "dev": true
    }
  }
}
